<?xml version="1.0" encoding="utf-8"?>
<Project ToolsVersion="4.0" xmlns="http://schemas.microsoft.com/developer/msbuild/2003">
  <ItemGroup>
    <Filter Include="Fichiers sources">
      <UniqueIdentifier>{4FC737F1-C7A5-4376-A066-2A32D752A2FF}</UniqueIdentifier>
      <Extensions>cpp;c;cc;cxx;c++;cppm;ixx;def;odl;idl;hpj;bat;asm;asmx</Extensions>
    </Filter>
    <Filter Include="Fichiers d%27en-tête">
      <UniqueIdentifier>{93995380-89BD-4b04-88EB-625FBE52EBFB}</UniqueIdentifier>
      <Extensions>h;hh;hpp;hxx;h++;hm;inl;inc;ipp;xsd</Extensions>
    </Filter>
    <Filter Include="Fichiers de ressources">
      <UniqueIdentifier>{67DA6AB6-F800-4c08-8B7A-83BB121AAD01}</UniqueIdentifier>
      <Extensions>rc;ico;cur;bmp;dlg;rc2;rct;bin;rgs;gif;jpg;jpeg;jpe;resx;tiff;tif;png;wav;mfcribbon-ms</Extensions>
    </Filter>
    <Filter Include="new">
      <UniqueIdentifier>{87750e7c-ed64-485f-bb44-04b2a6eafbb2}</UniqueIdentifier>
    </Filter>
    <Filter Include="Fichiers de ressources\dev kit">
      <UniqueIdentifier>{0c07477e-823d-4b22-b28a-44d70e4f09da}</UniqueIdentifier>
    </Filter>
  </ItemGroup>
  <ItemGroup>
    <ClCompile Include="Main.cpp">
      <Filter>Fichiers sources</Filter>
    </ClCompile>
    <ClCompile Include="pass.cpp">
      <Filter>Fichiers sources</Filter>
    </ClCompile>
    <ClCompile Include="settings.cpp">
      <Filter>Fichiers sources</Filter>
    </ClCompile>
    <ClCompile Include="sreen-loader.cpp">
      <Filter>Fichiers sources</Filter>
    </ClCompile>
    <ClCompile Include="utilities.cpp">
      <Filter>Fichiers sources</Filter>
    </ClCompile>
    <ClCompile Include="advanced.cpp">
      <Filter>Fichiers sources</Filter>
    </ClCompile>
  </ItemGroup>
  <ItemGroup>
    <ClInclude Include="pass.h">
      <Filter>Fichiers d%27en-tête</Filter>
    </ClInclude>
    <ClInclude Include="settings.h">
      <Filter>Fichiers d%27en-tête</Filter>
    </ClInclude>
    <ClInclude Include="Main.h">
      <Filter>Fichiers d%27en-tête</Filter>
    </ClInclude>
    <ClInclude Include="utilities.h">
      <Filter>Fichiers d%27en-tête</Filter>
    </ClInclude>
    <ClInclude Include="advanced.h">
      <Filter>Fichiers d%27en-tête</Filter>
    </ClInclude>
    <ClInclude Include="emote.h">
      <Filter>Fichiers d%27en-tête</Filter>
    </ClInclude>
  </ItemGroup>
  <ItemGroup>
    <None Include="user.data">
      <Filter>Fichiers de ressources</Filter>
    </None>
    <None Include="logs.set">
      <Filter>Fichiers de ressources</Filter>
    </None>
    <None Include="logs-notif.send.set">
      <Filter>Fichiers de ressources</Filter>
    </None>
    <None Include="connect-number.data">
      <Filter>Fichiers de ressources</Filter>
    </None>
    <None Include="help.data.show">
      <Filter>Fichiers de ressources\dev kit</Filter>
    </None>
    <None Include="text-display.set">
      <Filter>Fichiers de ressources</Filter>
    </None>
    <None Include="help_command.data.show">
      <Filter>Fichiers de ressources\dev kit</Filter>
    </None>
    <None Include="open-file.set">
      <Filter>Fichiers de ressources</Filter>
    </None>
    <None Include="set.set">
      <Filter>Fichiers de ressources</Filter>
    </None>
  </ItemGroup>
  <ItemGroup>
    <Text Include="changelogs.txt">
      <Filter>new</Filter>
    </Text>
    <Text Include="logs.txt">
      <Filter>Fichiers de ressources\dev kit</Filter>
    </Text>
  </ItemGroup>
</Project>